
Microsoft Visual Studio Solution File, Format Version 12.00
# Visual Studio 2012
Project("{8BC9CEB8-8B4A-11D0-8D11-00A0C91BC942}") = "ParticleFilter", "ParticleFilter\ParticleFilter.vcxproj", "{B79F1E4B-43C8-44E7-8F41-59075A4B7475}"
EndProject
Global
	GlobalSection(SolutionConfigurationPlatforms) = preSolution
		Debug|Win32 = Debug|Win32
		Release|Win32 = Release|Win32
	EndGlobalSection
	GlobalSection(ProjectConfigurationPlatforms) = postSolution
		{B79F1E4B-43C8-44E7-8F41-59075A4B7475}.Debug|Win32.ActiveCfg = Debug|Win32
		{B79F1E4B-43C8-44E7-8F41-59075A4B7475}.Debug|Win32.Build.0 = Debug|Win32
		{B79F1E4B-43C8-44E7-8F41-59075A4B7475}.Release|Win32.ActiveCfg = Release|Win32
		{B79F1E4B-43C8-44E7-8F41-59075A4B7475}.Release|Win32.Build.0 = Release|Win32
	EndGlobalSection
	GlobalSection(SolutionProperties) = preSolution
		HideSolutionNode = FALSE
	EndGlobalSection
EndGlobal
